
Microsoft Visual Studio Solution File, Format Version 12.00
# Visual Studio 15
VisualStudioVersion = 15.0.28307.1062
MinimumVisualStudioVersion = 10.0.40219.1
Project("{FAE04EC0-301F-11D3-BF4B-00C04F79EFBC}") = "MyProject", "MyProject\MyProject.csproj", "{A561A7C0-E2EC-4703-B88D-74CE64323A79}"
EndProject
Project("{FAE04EC0-301F-11D3-BF4B-00C04F79EFBC}") = "ReAnimationLibrary", "Weapon\ReAnimationLibrary.csproj", "{6028D834-066F-4EB5-8A34-48301DE88A79}"
EndProject
Global
	GlobalSection(SolutionConfigurationPlatforms) = preSolution
		Debug|Any CPU = Debug|Any CPU
		Release|Any CPU = Release|Any CPU
	EndGlobalSection
	GlobalSection(ProjectConfigurationPlatforms) = postSolution
		{A561A7C0-E2EC-4703-B88D-74CE64323A79}.Debug|Any CPU.ActiveCfg = Debug|Any CPU
		{A561A7C0-E2EC-4703-B88D-74CE64323A79}.Debug|Any CPU.Build.0 = Debug|Any CPU
		{A561A7C0-E2EC-4703-B88D-74CE64323A79}.Release|Any CPU.ActiveCfg = Release|Any CPU
		{A561A7C0-E2EC-4703-B88D-74CE64323A79}.Release|Any CPU.Build.0 = Release|Any CPU
		{6028D834-066F-4EB5-8A34-48301DE88A79}.Debug|Any CPU.ActiveCfg = Debug|Any CPU
		{6028D834-066F-4EB5-8A34-48301DE88A79}.Debug|Any CPU.Build.0 = Debug|Any CPU
		{6028D834-066F-4EB5-8A34-48301DE88A79}.Release|Any CPU.ActiveCfg = Release|Any CPU
		{6028D834-066F-4EB5-8A34-48301DE88A79}.Release|Any CPU.Build.0 = Release|Any CPU
	EndGlobalSection
	GlobalSection(SolutionProperties) = preSolution
		HideSolutionNode = FALSE
	EndGlobalSection
	GlobalSection(ExtensibilityGlobals) = postSolution
		SolutionGuid = {CBC28793-D48E-4F82-8D12-CCE64E2AF8D8}
	EndGlobalSection
EndGlobal
